
Microsoft Visual Studio Solution File, Format Version 12.00
# Visual Studio Version 16
VisualStudioVersion = 16.0.30320.27
MinimumVisualStudioVersion = 15.0.26124.0
Project("{2150E333-8FDC-42A3-9474-1A3956D46DE8}") = "src", "src", "{FD3759D8-BF37-4544-BEFB-3D7F3F4FB74B}"
EndProject
Project("{2150E333-8FDC-42A3-9474-1A3956D46DE8}") = "test", "test", "{46170A3A-9B73-4200-9FEF-681B4E16290C}"
EndProject
Project("{9A19103F-16F7-4668-BE54-9A1E7A4F7556}") = "Abp.Template.Application", "src\Abp.Template.Application\Abp.Template.Application.csproj", "{F370DDAB-4D21-49CB-80D6-416784A05236}"
EndProject
Project("{9A19103F-16F7-4668-BE54-9A1E7A4F7556}") = "Abp.Template.Application.Contracts", "src\Abp.Template.Application.Contracts\Abp.Template.Application.Contracts.csproj", "{C62BBCA1-FD32-45CF-8431-659A7A754767}"
EndProject
Project("{9A19103F-16F7-4668-BE54-9A1E7A4F7556}") = "Abp.Template.Domain", "src\Abp.Template.Domain\Abp.Template.Domain.csproj", "{ED9A3D03-6615-46AC-9DA7-09545BF1D188}"
EndProject
Project("{9A19103F-16F7-4668-BE54-9A1E7A4F7556}") = "Abp.Template.Domain.Shared", "src\Abp.Template.Domain.Shared\Abp.Template.Domain.Shared.csproj", "{7F07FB0C-D857-4E31-ACD2-B5AD61D2AC40}"
EndProject
Project("{9A19103F-16F7-4668-BE54-9A1E7A4F7556}") = "Abp.Template.EntityFrameworkCore", "src\Abp.Template.EntityFrameworkCore\Abp.Template.EntityFrameworkCore.csproj", "{4C3C33C1-D192-4CD4-8655-0E8B5E975432}"
EndProject
Project("{9A19103F-16F7-4668-BE54-9A1E7A4F7556}") = "Abp.Template.HttpApi.Host", "src\Abp.Template.HttpApi.Host\Abp.Template.HttpApi.Host.csproj", "{D0329F18-5855-401B-8D20-5DCA334079A5}"
EndProject
Project("{9A19103F-16F7-4668-BE54-9A1E7A4F7556}") = "Abp.Template.DbMigrator", "src\Abp.Template.DbMigrator\Abp.Template.DbMigrator.csproj", "{9F03ACB5-4BA1-4A1B-8CCC-C758FDE99B49}"
EndProject
Project("{9A19103F-16F7-4668-BE54-9A1E7A4F7556}") = "Abp.Template.EntityFrameworkCore.DbMigrations", "src\Abp.Template.EntityFrameworkCore.DbMigrations\Abp.Template.EntityFrameworkCore.DbMigrations.csproj", "{586ED70F-7CE6-4BB6-A5EB-DE10F09E65C5}"
EndProject
Project("{9A19103F-16F7-4668-BE54-9A1E7A4F7556}") = "Abp.Template.MongoDB", "src\Abp.Template.MongoDB\Abp.Template.MongoDB.csproj", "{4C01A94A-C3A6-422A-9414-CB5DE48ED62B}"
EndProject
Project("{9A19103F-16F7-4668-BE54-9A1E7A4F7556}") = "Abp.Template.HttpApi", "src\Abp.Template.HttpApi\Abp.Template.HttpApi.csproj", "{02996506-E306-4963-BCA1-CA2280641503}"
EndProject
Project("{9A19103F-16F7-4668-BE54-9A1E7A4F7556}") = "Abp.Template.Application.Tests", "test\Abp.Template.Application.Tests\Abp.Template.Application.Tests.csproj", "{CCA92A25-FFE1-4EEB-BD6B-0060DF82546A}"
EndProject
Project("{9A19103F-16F7-4668-BE54-9A1E7A4F7556}") = "Abp.Template.Domain.Tests", "test\Abp.Template.Domain.Tests\Abp.Template.Domain.Tests.csproj", "{B6A2185A-EC81-44DE-88CA-C62B9DC1C7E2}"
EndProject
Project("{9A19103F-16F7-4668-BE54-9A1E7A4F7556}") = "Abp.Template.EntityFrameworkCore.Tests", "test\Abp.Template.EntityFrameworkCore.Tests\Abp.Template.EntityFrameworkCore.Tests.csproj", "{23CFCCB8-456E-4C45-951C-EDA8E329E359}"
EndProject
Project("{9A19103F-16F7-4668-BE54-9A1E7A4F7556}") = "Abp.Template.MongoDB.Tests", "test\Abp.Template.MongoDB.Tests\Abp.Template.MongoDB.Tests.csproj", "{75627E9B-676F-40A8-97C1-8B0CA465D10B}"
EndProject
Project("{9A19103F-16F7-4668-BE54-9A1E7A4F7556}") = "Abp.Template.TestBase", "test\Abp.Template.TestBase\Abp.Template.TestBase.csproj", "{CDA2EE53-353A-4FFA-A21B-89F3B5E99489}"
EndProject
Project("{FAE04EC0-301F-11D3-BF4B-00C04F79EFBC}") = "Abp.Template.Application.Caching", "src\Abp.Template.Application.Caching\Abp.Template.Application.Caching.csproj", "{4D540124-A9D8-4311-8E7D-DED148865BA0}"
EndProject
Global
	GlobalSection(SolutionConfigurationPlatforms) = preSolution
		Debug|Any CPU = Debug|Any CPU
		Debug|x64 = Debug|x64
		Debug|x86 = Debug|x86
		Release|Any CPU = Release|Any CPU
		Release|x64 = Release|x64
		Release|x86 = Release|x86
	EndGlobalSection
	GlobalSection(ProjectConfigurationPlatforms) = postSolution
		{F370DDAB-4D21-49CB-80D6-416784A05236}.Debug|Any CPU.ActiveCfg = Debug|Any CPU
		{F370DDAB-4D21-49CB-80D6-416784A05236}.Debug|Any CPU.Build.0 = Debug|Any CPU
		{F370DDAB-4D21-49CB-80D6-416784A05236}.Debug|x64.ActiveCfg = Debug|Any CPU
		{F370DDAB-4D21-49CB-80D6-416784A05236}.Debug|x64.Build.0 = Debug|Any CPU
		{F370DDAB-4D21-49CB-80D6-416784A05236}.Debug|x86.ActiveCfg = Debug|Any CPU
		{F370DDAB-4D21-49CB-80D6-416784A05236}.Debug|x86.Build.0 = Debug|Any CPU
		{F370DDAB-4D21-49CB-80D6-416784A05236}.Release|Any CPU.ActiveCfg = Release|Any CPU
		{F370DDAB-4D21-49CB-80D6-416784A05236}.Release|Any CPU.Build.0 = Release|Any CPU
		{F370DDAB-4D21-49CB-80D6-416784A05236}.Release|x64.ActiveCfg = Release|Any CPU
		{F370DDAB-4D21-49CB-80D6-416784A05236}.Release|x64.Build.0 = Release|Any CPU
		{F370DDAB-4D21-49CB-80D6-416784A05236}.Release|x86.ActiveCfg = Release|Any CPU
		{F370DDAB-4D21-49CB-80D6-416784A05236}.Release|x86.Build.0 = Release|Any CPU
		{C62BBCA1-FD32-45CF-8431-659A7A754767}.Debug|Any CPU.ActiveCfg = Debug|Any CPU
		{C62BBCA1-FD32-45CF-8431-659A7A754767}.Debug|Any CPU.Build.0 = Debug|Any CPU
		{C62BBCA1-FD32-45CF-8431-659A7A754767}.Debug|x64.ActiveCfg = Debug|Any CPU
		{C62BBCA1-FD32-45CF-8431-659A7A754767}.Debug|x64.Build.0 = Debug|Any CPU
		{C62BBCA1-FD32-45CF-8431-659A7A754767}.Debug|x86.ActiveCfg = Debug|Any CPU
		{C62BBCA1-FD32-45CF-8431-659A7A754767}.Debug|x86.Build.0 = Debug|Any CPU
		{C62BBCA1-FD32-45CF-8431-659A7A754767}.Release|Any CPU.ActiveCfg = Release|Any CPU
		{C62BBCA1-FD32-45CF-8431-659A7A754767}.Release|Any CPU.Build.0 = Release|Any CPU
		{C62BBCA1-FD32-45CF-8431-659A7A754767}.Release|x64.ActiveCfg = Release|Any CPU
		{C62BBCA1-FD32-45CF-8431-659A7A754767}.Release|x64.Build.0 = Release|Any CPU
		{C62BBCA1-FD32-45CF-8431-659A7A754767}.Release|x86.ActiveCfg = Release|Any CPU
		{C62BBCA1-FD32-45CF-8431-659A7A754767}.Release|x86.Build.0 = Release|Any CPU
		{ED9A3D03-6615-46AC-9DA7-09545BF1D188}.Debug|Any CPU.ActiveCfg = Debug|Any CPU
		{ED9A3D03-6615-46AC-9DA7-09545BF1D188}.Debug|Any CPU.Build.0 = Debug|Any CPU
		{ED9A3D03-6615-46AC-9DA7-09545BF1D188}.Debug|x64.ActiveCfg = Debug|Any CPU
		{ED9A3D03-6615-46AC-9DA7-09545BF1D188}.Debug|x64.Build.0 = Debug|Any CPU
		{ED9A3D03-6615-46AC-9DA7-09545BF1D188}.Debug|x86.ActiveCfg = Debug|Any CPU
		{ED9A3D03-6615-46AC-9DA7-09545BF1D188}.Debug|x86.Build.0 = Debug|Any CPU
		{ED9A3D03-6615-46AC-9DA7-09545BF1D188}.Release|Any CPU.ActiveCfg = Release|Any CPU
		{ED9A3D03-6615-46AC-9DA7-09545BF1D188}.Release|Any CPU.Build.0 = Release|Any CPU
		{ED9A3D03-6615-46AC-9DA7-09545BF1D188}.Release|x64.ActiveCfg = Release|Any CPU
		{ED9A3D03-6615-46AC-9DA7-09545BF1D188}.Release|x64.Build.0 = Release|Any CPU
		{ED9A3D03-6615-46AC-9DA7-09545BF1D188}.Release|x86.ActiveCfg = Release|Any CPU
		{ED9A3D03-6615-46AC-9DA7-09545BF1D188}.Release|x86.Build.0 = Release|Any CPU
		{7F07FB0C-D857-4E31-ACD2-B5AD61D2AC40}.Debug|Any CPU.ActiveCfg = Debug|Any CPU
		{7F07FB0C-D857-4E31-ACD2-B5AD61D2AC40}.Debug|Any CPU.Build.0 = Debug|Any CPU
		{7F07FB0C-D857-4E31-ACD2-B5AD61D2AC40}.Debug|x64.ActiveCfg = Debug|Any CPU
		{7F07FB0C-D857-4E31-ACD2-B5AD61D2AC40}.Debug|x64.Build.0 = Debug|Any CPU
		{7F07FB0C-D857-4E31-ACD2-B5AD61D2AC40}.Debug|x86.ActiveCfg = Debug|Any CPU
		{7F07FB0C-D857-4E31-ACD2-B5AD61D2AC40}.Debug|x86.Build.0 = Debug|Any CPU
		{7F07FB0C-D857-4E31-ACD2-B5AD61D2AC40}.Release|Any CPU.ActiveCfg = Release|Any CPU
		{7F07FB0C-D857-4E31-ACD2-B5AD61D2AC40}.Release|Any CPU.Build.0 = Release|Any CPU
		{7F07FB0C-D857-4E31-ACD2-B5AD61D2AC40}.Release|x64.ActiveCfg = Release|Any CPU
		{7F07FB0C-D857-4E31-ACD2-B5AD61D2AC40}.Release|x64.Build.0 = Release|Any CPU
		{7F07FB0C-D857-4E31-ACD2-B5AD61D2AC40}.Release|x86.ActiveCfg = Release|Any CPU
		{7F07FB0C-D857-4E31-ACD2-B5AD61D2AC40}.Release|x86.Build.0 = Release|Any CPU
		{4C3C33C1-D192-4CD4-8655-0E8B5E975432}.Debug|Any CPU.ActiveCfg = Debug|Any CPU
		{4C3C33C1-D192-4CD4-8655-0E8B5E975432}.Debug|Any CPU.Build.0 = Debug|Any CPU
		{4C3C33C1-D192-4CD4-8655-0E8B5E975432}.Debug|x64.ActiveCfg = Debug|Any CPU
		{4C3C33C1-D192-4CD4-8655-0E8B5E975432}.Debug|x64.Build.0 = Debug|Any CPU
		{4C3C33C1-D192-4CD4-8655-0E8B5E975432}.Debug|x86.ActiveCfg = Debug|Any CPU
		{4C3C33C1-D192-4CD4-8655-0E8B5E975432}.Debug|x86.Build.0 = Debug|Any CPU
		{4C3C33C1-D192-4CD4-8655-0E8B5E975432}.Release|Any CPU.ActiveCfg = Release|Any CPU
		{4C3C33C1-D192-4CD4-8655-0E8B5E975432}.Release|Any CPU.Build.0 = Release|Any CPU
		{4C3C33C1-D192-4CD4-8655-0E8B5E975432}.Release|x64.ActiveCfg = Release|Any CPU
		{4C3C33C1-D192-4CD4-8655-0E8B5E975432}.Release|x64.Build.0 = Release|Any CPU
		{4C3C33C1-D192-4CD4-8655-0E8B5E975432}.Release|x86.ActiveCfg = Release|Any CPU
		{4C3C33C1-D192-4CD4-8655-0E8B5E975432}.Release|x86.Build.0 = Release|Any CPU
		{D0329F18-5855-401B-8D20-5DCA334079A5}.Debug|Any CPU.ActiveCfg = Debug|Any CPU
		{D0329F18-5855-401B-8D20-5DCA334079A5}.Debug|Any CPU.Build.0 = Debug|Any CPU
		{D0329F18-5855-401B-8D20-5DCA334079A5}.Debug|x64.ActiveCfg = Debug|Any CPU
		{D0329F18-5855-401B-8D20-5DCA334079A5}.Debug|x64.Build.0 = Debug|Any CPU
		{D0329F18-5855-401B-8D20-5DCA334079A5}.Debug|x86.ActiveCfg = Debug|Any CPU
		{D0329F18-5855-401B-8D20-5DCA334079A5}.Debug|x86.Build.0 = Debug|Any CPU
		{D0329F18-5855-401B-8D20-5DCA334079A5}.Release|Any CPU.ActiveCfg = Release|Any CPU
		{D0329F18-5855-401B-8D20-5DCA334079A5}.Release|Any CPU.Build.0 = Release|Any CPU
		{D0329F18-5855-401B-8D20-5DCA334079A5}.Release|x64.ActiveCfg = Release|Any CPU
		{D0329F18-5855-401B-8D20-5DCA334079A5}.Release|x64.Build.0 = Release|Any CPU
		{D0329F18-5855-401B-8D20-5DCA334079A5}.Release|x86.ActiveCfg = Release|Any CPU
		{D0329F18-5855-401B-8D20-5DCA334079A5}.Release|x86.Build.0 = Release|Any CPU
		{9F03ACB5-4BA1-4A1B-8CCC-C758FDE99B49}.Debug|Any CPU.ActiveCfg = Debug|Any CPU
		{9F03ACB5-4BA1-4A1B-8CCC-C758FDE99B49}.Debug|Any CPU.Build.0 = Debug|Any CPU
		{9F03ACB5-4BA1-4A1B-8CCC-C758FDE99B49}.Debug|x64.ActiveCfg = Debug|Any CPU
		{9F03ACB5-4BA1-4A1B-8CCC-C758FDE99B49}.Debug|x64.Build.0 = Debug|Any CPU
		{9F03ACB5-4BA1-4A1B-8CCC-C758FDE99B49}.Debug|x86.ActiveCfg = Debug|Any CPU
		{9F03ACB5-4BA1-4A1B-8CCC-C758FDE99B49}.Debug|x86.Build.0 = Debug|Any CPU
		{9F03ACB5-4BA1-4A1B-8CCC-C758FDE99B49}.Release|Any CPU.ActiveCfg = Release|Any CPU
		{9F03ACB5-4BA1-4A1B-8CCC-C758FDE99B49}.Release|Any CPU.Build.0 = Release|Any CPU
		{9F03ACB5-4BA1-4A1B-8CCC-C758FDE99B49}.Release|x64.ActiveCfg = Release|Any CPU
		{9F03ACB5-4BA1-4A1B-8CCC-C758FDE99B49}.Release|x64.Build.0 = Release|Any CPU
		{9F03ACB5-4BA1-4A1B-8CCC-C758FDE99B49}.Release|x86.ActiveCfg = Release|Any CPU
		{9F03ACB5-4BA1-4A1B-8CCC-C758FDE99B49}.Release|x86.Build.0 = Release|Any CPU
		{586ED70F-7CE6-4BB6-A5EB-DE10F09E65C5}.Debug|Any CPU.ActiveCfg = Debug|Any CPU
		{586ED70F-7CE6-4BB6-A5EB-DE10F09E65C5}.Debug|Any CPU.Build.0 = Debug|Any CPU
		{586ED70F-7CE6-4BB6-A5EB-DE10F09E65C5}.Debug|x64.ActiveCfg = Debug|Any CPU
		{586ED70F-7CE6-4BB6-A5EB-DE10F09E65C5}.Debug|x64.Build.0 = Debug|Any CPU
		{586ED70F-7CE6-4BB6-A5EB-DE10F09E65C5}.Debug|x86.ActiveCfg = Debug|Any CPU
		{586ED70F-7CE6-4BB6-A5EB-DE10F09E65C5}.Debug|x86.Build.0 = Debug|Any CPU
		{586ED70F-7CE6-4BB6-A5EB-DE10F09E65C5}.Release|Any CPU.ActiveCfg = Release|Any CPU
		{586ED70F-7CE6-4BB6-A5EB-DE10F09E65C5}.Release|Any CPU.Build.0 = Release|Any CPU
		{586ED70F-7CE6-4BB6-A5EB-DE10F09E65C5}.Release|x64.ActiveCfg = Release|Any CPU
		{586ED70F-7CE6-4BB6-A5EB-DE10F09E65C5}.Release|x64.Build.0 = Release|Any CPU
		{586ED70F-7CE6-4BB6-A5EB-DE10F09E65C5}.Release|x86.ActiveCfg = Release|Any CPU
		{586ED70F-7CE6-4BB6-A5EB-DE10F09E65C5}.Release|x86.Build.0 = Release|Any CPU
		{4C01A94A-C3A6-422A-9414-CB5DE48ED62B}.Debug|Any CPU.ActiveCfg = Debug|Any CPU
		{4C01A94A-C3A6-422A-9414-CB5DE48ED62B}.Debug|Any CPU.Build.0 = Debug|Any CPU
		{4C01A94A-C3A6-422A-9414-CB5DE48ED62B}.Debug|x64.ActiveCfg = Debug|Any CPU
		{4C01A94A-C3A6-422A-9414-CB5DE48ED62B}.Debug|x64.Build.0 = Debug|Any CPU
		{4C01A94A-C3A6-422A-9414-CB5DE48ED62B}.Debug|x86.ActiveCfg = Debug|Any CPU
		{4C01A94A-C3A6-422A-9414-CB5DE48ED62B}.Debug|x86.Build.0 = Debug|Any CPU
		{4C01A94A-C3A6-422A-9414-CB5DE48ED62B}.Release|Any CPU.ActiveCfg = Release|Any CPU
		{4C01A94A-C3A6-422A-9414-CB5DE48ED62B}.Release|Any CPU.Build.0 = Release|Any CPU
		{4C01A94A-C3A6-422A-9414-CB5DE48ED62B}.Release|x64.ActiveCfg = Release|Any CPU
		{4C01A94A-C3A6-422A-9414-CB5DE48ED62B}.Release|x64.Build.0 = Release|Any CPU
		{4C01A94A-C3A6-422A-9414-CB5DE48ED62B}.Release|x86.ActiveCfg = Release|Any CPU
		{4C01A94A-C3A6-422A-9414-CB5DE48ED62B}.Release|x86.Build.0 = Release|Any CPU
		{02996506-E306-4963-BCA1-CA2280641503}.Debug|Any CPU.ActiveCfg = Debug|Any CPU
		{02996506-E306-4963-BCA1-CA2280641503}.Debug|Any CPU.Build.0 = Debug|Any CPU
		{02996506-E306-4963-BCA1-CA2280641503}.Debug|x64.ActiveCfg = Debug|Any CPU
		{02996506-E306-4963-BCA1-CA2280641503}.Debug|x64.Build.0 = Debug|Any CPU
		{02996506-E306-4963-BCA1-CA2280641503}.Debug|x86.ActiveCfg = Debug|Any CPU
		{02996506-E306-4963-BCA1-CA2280641503}.Debug|x86.Build.0 = Debug|Any CPU
		{02996506-E306-4963-BCA1-CA2280641503}.Release|Any CPU.ActiveCfg = Release|Any CPU
		{02996506-E306-4963-BCA1-CA2280641503}.Release|Any CPU.Build.0 = Release|Any CPU
		{02996506-E306-4963-BCA1-CA2280641503}.Release|x64.ActiveCfg = Release|Any CPU
		{02996506-E306-4963-BCA1-CA2280641503}.Release|x64.Build.0 = Release|Any CPU
		{02996506-E306-4963-BCA1-CA2280641503}.Release|x86.ActiveCfg = Release|Any CPU
		{02996506-E306-4963-BCA1-CA2280641503}.Release|x86.Build.0 = Release|Any CPU
		{CCA92A25-FFE1-4EEB-BD6B-0060DF82546A}.Debug|Any CPU.ActiveCfg = Debug|Any CPU
		{CCA92A25-FFE1-4EEB-BD6B-0060DF82546A}.Debug|Any CPU.Build.0 = Debug|Any CPU
		{CCA92A25-FFE1-4EEB-BD6B-0060DF82546A}.Debug|x64.ActiveCfg = Debug|Any CPU
		{CCA92A25-FFE1-4EEB-BD6B-0060DF82546A}.Debug|x64.Build.0 = Debug|Any CPU
		{CCA92A25-FFE1-4EEB-BD6B-0060DF82546A}.Debug|x86.ActiveCfg = Debug|Any CPU
		{CCA92A25-FFE1-4EEB-BD6B-0060DF82546A}.Debug|x86.Build.0 = Debug|Any CPU
		{CCA92A25-FFE1-4EEB-BD6B-0060DF82546A}.Release|Any CPU.ActiveCfg = Release|Any CPU
		{CCA92A25-FFE1-4EEB-BD6B-0060DF82546A}.Release|Any CPU.Build.0 = Release|Any CPU
		{CCA92A25-FFE1-4EEB-BD6B-0060DF82546A}.Release|x64.ActiveCfg = Release|Any CPU
		{CCA92A25-FFE1-4EEB-BD6B-0060DF82546A}.Release|x64.Build.0 = Release|Any CPU
		{CCA92A25-FFE1-4EEB-BD6B-0060DF82546A}.Release|x86.ActiveCfg = Release|Any CPU
		{CCA92A25-FFE1-4EEB-BD6B-0060DF82546A}.Release|x86.Build.0 = Release|Any CPU
		{B6A2185A-EC81-44DE-88CA-C62B9DC1C7E2}.Debug|Any CPU.ActiveCfg = Debug|Any CPU
		{B6A2185A-EC81-44DE-88CA-C62B9DC1C7E2}.Debug|Any CPU.Build.0 = Debug|Any CPU
		{B6A2185A-EC81-44DE-88CA-C62B9DC1C7E2}.Debug|x64.ActiveCfg = Debug|Any CPU
		{B6A2185A-EC81-44DE-88CA-C62B9DC1C7E2}.Debug|x64.Build.0 = Debug|Any CPU
		{B6A2185A-EC81-44DE-88CA-C62B9DC1C7E2}.Debug|x86.ActiveCfg = Debug|Any CPU
		{B6A2185A-EC81-44DE-88CA-C62B9DC1C7E2}.Debug|x86.Build.0 = Debug|Any CPU
		{B6A2185A-EC81-44DE-88CA-C62B9DC1C7E2}.Release|Any CPU.ActiveCfg = Release|Any CPU
		{B6A2185A-EC81-44DE-88CA-C62B9DC1C7E2}.Release|Any CPU.Build.0 = Release|Any CPU
		{B6A2185A-EC81-44DE-88CA-C62B9DC1C7E2}.Release|x64.ActiveCfg = Release|Any CPU
		{B6A2185A-EC81-44DE-88CA-C62B9DC1C7E2}.Release|x64.Build.0 = Release|Any CPU
		{B6A2185A-EC81-44DE-88CA-C62B9DC1C7E2}.Release|x86.ActiveCfg = Release|Any CPU
		{B6A2185A-EC81-44DE-88CA-C62B9DC1C7E2}.Release|x86.Build.0 = Release|Any CPU
		{23CFCCB8-456E-4C45-951C-EDA8E329E359}.Debug|Any CPU.ActiveCfg = Debug|Any CPU
		{23CFCCB8-456E-4C45-951C-EDA8E329E359}.Debug|Any CPU.Build.0 = Debug|Any CPU
		{23CFCCB8-456E-4C45-951C-EDA8E329E359}.Debug|x64.ActiveCfg = Debug|Any CPU
		{23CFCCB8-456E-4C45-951C-EDA8E329E359}.Debug|x64.Build.0 = Debug|Any CPU
		{23CFCCB8-456E-4C45-951C-EDA8E329E359}.Debug|x86.ActiveCfg = Debug|Any CPU
		{23CFCCB8-456E-4C45-951C-EDA8E329E359}.Debug|x86.Build.0 = Debug|Any CPU
		{23CFCCB8-456E-4C45-951C-EDA8E329E359}.Release|Any CPU.ActiveCfg = Release|Any CPU
		{23CFCCB8-456E-4C45-951C-EDA8E329E359}.Release|Any CPU.Build.0 = Release|Any CPU
		{23CFCCB8-456E-4C45-951C-EDA8E329E359}.Release|x64.ActiveCfg = Release|Any CPU
		{23CFCCB8-456E-4C45-951C-EDA8E329E359}.Release|x64.Build.0 = Release|Any CPU
		{23CFCCB8-456E-4C45-951C-EDA8E329E359}.Release|x86.ActiveCfg = Release|Any CPU
		{23CFCCB8-456E-4C45-951C-EDA8E329E359}.Release|x86.Build.0 = Release|Any CPU
		{75627E9B-676F-40A8-97C1-8B0CA465D10B}.Debug|Any CPU.ActiveCfg = Debug|Any CPU
		{75627E9B-676F-40A8-97C1-8B0CA465D10B}.Debug|Any CPU.Build.0 = Debug|Any CPU
		{75627E9B-676F-40A8-97C1-8B0CA465D10B}.Debug|x64.ActiveCfg = Debug|Any CPU
		{75627E9B-676F-40A8-97C1-8B0CA465D10B}.Debug|x64.Build.0 = Debug|Any CPU
		{75627E9B-676F-40A8-97C1-8B0CA465D10B}.Debug|x86.ActiveCfg = Debug|Any CPU
		{75627E9B-676F-40A8-97C1-8B0CA465D10B}.Debug|x86.Build.0 = Debug|Any CPU
		{75627E9B-676F-40A8-97C1-8B0CA465D10B}.Release|Any CPU.ActiveCfg = Release|Any CPU
		{75627E9B-676F-40A8-97C1-8B0CA465D10B}.Release|Any CPU.Build.0 = Release|Any CPU
		{75627E9B-676F-40A8-97C1-8B0CA465D10B}.Release|x64.ActiveCfg = Release|Any CPU
		{75627E9B-676F-40A8-97C1-8B0CA465D10B}.Release|x64.Build.0 = Release|Any CPU
		{75627E9B-676F-40A8-97C1-8B0CA465D10B}.Release|x86.ActiveCfg = Release|Any CPU
		{75627E9B-676F-40A8-97C1-8B0CA465D10B}.Release|x86.Build.0 = Release|Any CPU
		{CDA2EE53-353A-4FFA-A21B-89F3B5E99489}.Debug|Any CPU.ActiveCfg = Debug|Any CPU
		{CDA2EE53-353A-4FFA-A21B-89F3B5E99489}.Debug|Any CPU.Build.0 = Debug|Any CPU
		{CDA2EE53-353A-4FFA-A21B-89F3B5E99489}.Debug|x64.ActiveCfg = Debug|Any CPU
		{CDA2EE53-353A-4FFA-A21B-89F3B5E99489}.Debug|x64.Build.0 = Debug|Any CPU
		{CDA2EE53-353A-4FFA-A21B-89F3B5E99489}.Debug|x86.ActiveCfg = Debug|Any CPU
		{CDA2EE53-353A-4FFA-A21B-89F3B5E99489}.Debug|x86.Build.0 = Debug|Any CPU
		{CDA2EE53-353A-4FFA-A21B-89F3B5E99489}.Release|Any CPU.ActiveCfg = Release|Any CPU
		{CDA2EE53-353A-4FFA-A21B-89F3B5E99489}.Release|Any CPU.Build.0 = Release|Any CPU
		{CDA2EE53-353A-4FFA-A21B-89F3B5E99489}.Release|x64.ActiveCfg = Release|Any CPU
		{CDA2EE53-353A-4FFA-A21B-89F3B5E99489}.Release|x64.Build.0 = Release|Any CPU
		{CDA2EE53-353A-4FFA-A21B-89F3B5E99489}.Release|x86.ActiveCfg = Release|Any CPU
		{CDA2EE53-353A-4FFA-A21B-89F3B5E99489}.Release|x86.Build.0 = Release|Any CPU
		{4D540124-A9D8-4311-8E7D-DED148865BA0}.Debug|Any CPU.ActiveCfg = Debug|Any CPU
		{4D540124-A9D8-4311-8E7D-DED148865BA0}.Debug|Any CPU.Build.0 = Debug|Any CPU
		{4D540124-A9D8-4311-8E7D-DED148865BA0}.Debug|x64.ActiveCfg = Debug|Any CPU
		{4D540124-A9D8-4311-8E7D-DED148865BA0}.Debug|x64.Build.0 = Debug|Any CPU
		{4D540124-A9D8-4311-8E7D-DED148865BA0}.Debug|x86.ActiveCfg = Debug|Any CPU
		{4D540124-A9D8-4311-8E7D-DED148865BA0}.Debug|x86.Build.0 = Debug|Any CPU
		{4D540124-A9D8-4311-8E7D-DED148865BA0}.Release|Any CPU.ActiveCfg = Release|Any CPU
		{4D540124-A9D8-4311-8E7D-DED148865BA0}.Release|Any CPU.Build.0 = Release|Any CPU
		{4D540124-A9D8-4311-8E7D-DED148865BA0}.Release|x64.ActiveCfg = Release|Any CPU
		{4D540124-A9D8-4311-8E7D-DED148865BA0}.Release|x64.Build.0 = Release|Any CPU
		{4D540124-A9D8-4311-8E7D-DED148865BA0}.Release|x86.ActiveCfg = Release|Any CPU
		{4D540124-A9D8-4311-8E7D-DED148865BA0}.Release|x86.Build.0 = Release|Any CPU
	EndGlobalSection
	GlobalSection(SolutionProperties) = preSolution
		HideSolutionNode = FALSE
	EndGlobalSection
	GlobalSection(NestedProjects) = preSolution
		{F370DDAB-4D21-49CB-80D6-416784A05236} = {FD3759D8-BF37-4544-BEFB-3D7F3F4FB74B}
		{C62BBCA1-FD32-45CF-8431-659A7A754767} = {FD3759D8-BF37-4544-BEFB-3D7F3F4FB74B}
		{ED9A3D03-6615-46AC-9DA7-09545BF1D188} = {FD3759D8-BF37-4544-BEFB-3D7F3F4FB74B}
		{7F07FB0C-D857-4E31-ACD2-B5AD61D2AC40} = {FD3759D8-BF37-4544-BEFB-3D7F3F4FB74B}
		{4C3C33C1-D192-4CD4-8655-0E8B5E975432} = {FD3759D8-BF37-4544-BEFB-3D7F3F4FB74B}
		{D0329F18-5855-401B-8D20-5DCA334079A5} = {FD3759D8-BF37-4544-BEFB-3D7F3F4FB74B}
		{9F03ACB5-4BA1-4A1B-8CCC-C758FDE99B49} = {FD3759D8-BF37-4544-BEFB-3D7F3F4FB74B}
		{586ED70F-7CE6-4BB6-A5EB-DE10F09E65C5} = {FD3759D8-BF37-4544-BEFB-3D7F3F4FB74B}
		{4C01A94A-C3A6-422A-9414-CB5DE48ED62B} = {FD3759D8-BF37-4544-BEFB-3D7F3F4FB74B}
		{02996506-E306-4963-BCA1-CA2280641503} = {FD3759D8-BF37-4544-BEFB-3D7F3F4FB74B}
		{CCA92A25-FFE1-4EEB-BD6B-0060DF82546A} = {46170A3A-9B73-4200-9FEF-681B4E16290C}
		{B6A2185A-EC81-44DE-88CA-C62B9DC1C7E2} = {46170A3A-9B73-4200-9FEF-681B4E16290C}
		{23CFCCB8-456E-4C45-951C-EDA8E329E359} = {46170A3A-9B73-4200-9FEF-681B4E16290C}
		{75627E9B-676F-40A8-97C1-8B0CA465D10B} = {46170A3A-9B73-4200-9FEF-681B4E16290C}
		{CDA2EE53-353A-4FFA-A21B-89F3B5E99489} = {46170A3A-9B73-4200-9FEF-681B4E16290C}
		{4D540124-A9D8-4311-8E7D-DED148865BA0} = {FD3759D8-BF37-4544-BEFB-3D7F3F4FB74B}
	EndGlobalSection
	GlobalSection(ExtensibilityGlobals) = postSolution
		SolutionGuid = {DCF68F2A-CD10-405F-B15E-8EA6AE743E1D}
	EndGlobalSection
EndGlobal
